PODS:
  - Alamofire (4.7.3)
  - AlamofireObjectMapper (5.2.1):
    - Alamofire (~> 4.7)
    - ObjectMapper (~> 3.4)
  - ALBusSeatView (0.2.5)
  - CryptoSwift (1.6.0)
  - GrowingTextView (0.7.2)
  - iOSDropDown (0.4.0)
  - IQDropDownTextField (3.0.2)
  - IQKeyboardManager (6.5.10)
  - JHTAlertController (0.2.4)
  - Kingfisher (4.10.1)
  - KYDrawerController (2.1.0)
  - libPhoneNumber-iOS (0.9.15)
  - MBProgressHUD (1.2.0)
  - MHWebViewController (1.1.2)
  - Nuke (7.6.3)
  - ObjectMapper (3.5.3)
  - OTPTextField (1.1.5)
  - PasswordTextField (1.2.0)
  - PinCodeInputView (1.0.0)
  - PinCodeTextField (0.1.0)
  - RNCryptor (5.0.3)
  - SCLAlertView (0.8)
  - SDWebImage (4.4.8):
    - SDWebImage/Core (= 4.4.8)
  - SDWebImage/Core (4.4.8)
  - SideMenu (5.0.3)
  - Siren (1.0.4)
  - SwiftKeychainWrapper (3.4.0)
  - SwiftWebVC (0.4.2)
  - SwiftyJSON (5.0.1)
  - SwiftyRSA (1.7.0):
    - SwiftyRSA/ObjC (= 1.7.0)
  - SwiftyRSA/ObjC (1.7.0)
  - Toast-Swift (5.0.1)
  - Toaster (2.3.0)

DEPENDENCIES:
  - Alamofire (~> 4.7.3)
  - AlamofireObjectMapper
  - ALBusSeatView
  - CryptoSwift (~> 1.6.0)
  - GrowingTextView (~> 0.7)
  - iOSDropDown
  - IQDropDownTextField
  - IQKeyboardManager
  - JHTAlertController
  - Kingfisher (~> 4.0)
  - KYDrawerController
  - libPhoneNumber-iOS (~> 0.8)
  - MBProgressHUD (~> 1.2)
  - MHWebViewController (~> 1.0)
  - Nuke (~> 7.0)
  - OTPTextField (~> 1.1)
  - PasswordTextField (~> 1.2)
  - PinCodeInputView
  - PinCodeTextField
  - RNCryptor (~> 5.0.3)
  - SCLAlertView (~> 0.8)
  - SDWebImage (~> 4.3)
  - SideMenu (~> 5.0.0)
  - Siren (~> 1.0.2)
  - SwiftKeychainWrapper (~> 3.0)
  - SwiftWebVC
  - SwiftyJSON
  - SwiftyRSA
  - Toast-Swift (~> 5.0)
  - Toaster (~> 2.3)

SPEC REPOS:
  trunk:
    - Alamofire
    - AlamofireObjectMapper
    - ALBusSeatView
    - CryptoSwift
    - GrowingTextView
    - iOSDropDown
    - IQDropDownTextField
    - IQKeyboardManager
    - JHTAlertController
    - Kingfisher
    - KYDrawerController
    - libPhoneNumber-iOS
    - MBProgressHUD
    - MHWebViewController
    - Nuke
    - ObjectMapper
    - OTPTextField
    - PasswordTextField
    - PinCodeInputView
    - PinCodeTextField
    - RNCryptor
    - SCLAlertView
    - SDWebImage
    - SideMenu
    - Siren
    - SwiftKeychainWrapper
    - SwiftWebVC
    - SwiftyJSON
    - SwiftyRSA
    - Toast-Swift
    - Toaster

SPEC CHECKSUMS:
  Alamofire: c7287b6e5d7da964a70935e5db17046b7fde6568
  AlamofireObjectMapper: 1989f690e982b71921b9253f53a4f33a9bc00d88
  ALBusSeatView: 5416cf8e3d0d8d993da5f726f92cbb425463efd2
  CryptoSwift: 562f8eceb40e80796fffc668b0cad9313284cfa6
  GrowingTextView: 876bf42005b5e4a4fd740597db12caaf41f0fe6c
  iOSDropDown: ce9daa584eaa5567cafc1b633e3cc7eb6d9cea42
  IQDropDownTextField: 6894c0f8b3acddd1e1bdf167ee23df7a3c30c705
  IQKeyboardManager: 45a1fa55c1a5b02c61ac0fd7fd5b62bb4ad20d97
  JHTAlertController: 8999fdf41c60a3d6698a3415ff1448f4ce4680e5
  Kingfisher: c148cd7b47ebde9989f6bc7c27dcaa79d81279a0
  KYDrawerController: baad0e63b09c0cb564bd48f0f7f70f45d9176ebc
  libPhoneNumber-iOS: 0a32a9525cf8744fe02c5206eb30d571e38f7d75
  MBProgressHUD: 3ee5efcc380f6a79a7cc9b363dd669c5e1ae7406
  MHWebViewController: bc0c4be723b798260ccec01ce6b9e86c6543741e
  Nuke: 44130e95e09463f8773ae4b96b90de1eba6b3350
  ObjectMapper: 97111c97e054a6ee25917662106689f0b4127b37
  OTPTextField: 9d35010a6356972471298aea37bf8d6d5f9974f7
  PasswordTextField: 2548de43f150fc90a014da47b0d97e31aada4b94
  PinCodeInputView: 0a7361aaec76b639ff6521f1b6c38ed27b8144e3
  PinCodeTextField: a3c39be58bde3ed1d6888d0fb1d88b0a4a2277cc
  RNCryptor: c93d19029dcf7ff160aca0f24d6c9e7b0d82f664
  SCLAlertView: 6a77bb2edfc65e04dbe57725546cb4107a506b85
  SDWebImage: 783af2c3fa36291a250030c4752ee370a9a51d13
  SideMenu: 1dcaabce84538c53325c287f7fe62999379a641c
  Siren: bb384b92fc36e45bedee62eef1a9b72bb5a1e0b3
  SwiftKeychainWrapper: 6fc49fbf7d4a6b0772917acb0e53a1639f6078d6
  SwiftWebVC: ecc4feaabe5a3f75e059a0a345d3386bb0d16c44
  SwiftyJSON: 2f33a42c6fbc52764d96f13368585094bfd8aa5e
  SwiftyRSA: 8c6dd1ea7db1b8dc4fb517a202f88bb1354bc2c6
  Toast-Swift: 9b6a70f28b3bf0b96c40d46c0c4b9d6639846711
  Toaster: c3473963c78e8cabbf6ea6f11ad0fdaae6f54987

PODFILE CHECKSUM: e0b2c6d9aefdd96362e4302778554d821e99f2bc

COCOAPODS: 1.12.0
