{
  "pins" : [
    {
      "identity" : "onesignal-ios-sdk",
      "kind" : "remoteSourceControl",
      "location" : "https://github.com/OneSignal/OneSignal-iOS-SDK",
      "state" : {
        "revision" : "d53c1ee29daf25456cbe3448294bd0d5db601130",
        "version" : "2.16.7"
      }
    }
  ],
  "version" : 2
}
